
Microsoft Visual Studio Solution File, Format Version 12.00
# Visual Studio 15
VisualStudioVersion = 15.0.27703.2000
MinimumVisualStudioVersion = 10.0.40219.1
Project("{FAE04EC0-301F-11D3-BF4B-00C04F79EFBC}") = "WebApplication", "WebApplication\WebApplication.csproj", "{57933049-7B36-4F16-9D06-D7A09041ABD7}"
EndProject
Global
	GlobalSection(SolutionConfigurationPlatforms) = preSolution
		Debug|Any CPU = Debug|Any CPU
		Release|Any CPU = Release|Any CPU
	EndGlobalSection
	GlobalSection(ProjectConfigurationPlatforms) = postSolution
		{57933049-7B36-4F16-9D06-D7A09041ABD7}.Debug|Any CPU.ActiveCfg = Debug|Any CPU
		{57933049-7B36-4F16-9D06-D7A09041ABD7}.Debug|Any CPU.Build.0 = Debug|Any CPU
		{57933049-7B36-4F16-9D06-D7A09041ABD7}.Release|Any CPU.ActiveCfg = Release|Any CPU
		{57933049-7B36-4F16-9D06-D7A09041ABD7}.Release|Any CPU.Build.0 = Release|Any CPU
	EndGlobalSection
	GlobalSection(SolutionProperties) = preSolution
		HideSolutionNode = FALSE
	EndGlobalSection
	GlobalSection(ExtensibilityGlobals) = postSolution
		SolutionGuid = {70032F77-0DBF-459A-809E-527ECC6B4EF3}
	EndGlobalSection
EndGlobal
